
Microsoft Visual Studio Solution File, Format Version 12.00
# Visual Studio Version 17
VisualStudioVersion = 17.0.32112.339
MinimumVisualStudioVersion = 10.0.40219.1
Project("{FAE04EC0-301F-11D3-BF4B-00C04F79EFBC}") = "Paycore_patika_HW4", "Paycore_patika_HW4\Paycore_patika_HW4.csproj", "{61982F34-AA4C-4F83-B467-0BBFCA073289}"
EndProject
Global
	GlobalSection(SolutionConfigurationPlatforms) = preSolution
		Debug|Any CPU = Debug|Any CPU
		Release|Any CPU = Release|Any CPU
	EndGlobalSection
	GlobalSection(ProjectConfigurationPlatforms) = postSolution
		{61982F34-AA4C-4F83-B467-0BBFCA073289}.Debug|Any CPU.ActiveCfg = Debug|Any CPU
		{61982F34-AA4C-4F83-B467-0BBFCA073289}.Debug|Any CPU.Build.0 = Debug|Any CPU
		{61982F34-AA4C-4F83-B467-0BBFCA073289}.Release|Any CPU.ActiveCfg = Release|Any CPU
		{61982F34-AA4C-4F83-B467-0BBFCA073289}.Release|Any CPU.Build.0 = Release|Any CPU
	EndGlobalSection
	GlobalSection(SolutionProperties) = preSolution
		HideSolutionNode = FALSE
	EndGlobalSection
	GlobalSection(ExtensibilityGlobals) = postSolution
		SolutionGuid = {7569726B-B037-41FC-89BB-48A647E40BFF}
	EndGlobalSection
EndGlobal
